
Microsoft Visual Studio Solution File, Format Version 12.00
# Visual Studio Version 17
VisualStudioVersion = 17.11.35222.181
MinimumVisualStudioVersion = 10.0.40219.1
Project("{FAE04EC0-301F-11D3-BF4B-00C04F79EFBC}") = "ConsoleAppTesting", "ConsoleAppTesting.csproj", "{C94E51AA-D41C-401E-BA81-3D3EB06C1972}"
EndProject
Global
	GlobalSection(SolutionConfigurationPlatforms) = preSolution
		Debug|Any CPU = Debug|Any CPU
		Release|Any CPU = Release|Any CPU
	EndGlobalSection
	GlobalSection(ProjectConfigurationPlatforms) = postSolution
		{C94E51AA-D41C-401E-BA81-3D3EB06C1972}.Debug|Any CPU.ActiveCfg = Debug|Any CPU
		{C94E51AA-D41C-401E-BA81-3D3EB06C1972}.Debug|Any CPU.Build.0 = Debug|Any CPU
		{C94E51AA-D41C-401E-BA81-3D3EB06C1972}.Release|Any CPU.ActiveCfg = Release|Any CPU
		{C94E51AA-D41C-401E-BA81-3D3EB06C1972}.Release|Any CPU.Build.0 = Release|Any CPU
	EndGlobalSection
	GlobalSection(SolutionProperties) = preSolution
		HideSolutionNode = FALSE
	EndGlobalSection
	GlobalSection(ExtensibilityGlobals) = postSolution
		SolutionGuid = {6D8BC125-B929-4C86-B9C1-06DFC5B7A42D}
	EndGlobalSection
EndGlobal
